// !$*UTF8*$!
{
	archiveVersion = 1;
	classes = {
	};
	objectVersion = 48;
	objects = {

/* Begin PBXBuildFile section */
		AD6922E01FB6BB07008712EB /* AppDelegate.swift in Sources */ = {isa = PBXBuildFile; fileRef = AD6922DF1FB6BB07008712EB /* AppDelegate.swift */; };
		AD6922E21FB6BB07008712EB /* ViewController.swift in Sources */ = {isa = PBXBuildFile; fileRef = AD6922E11FB6BB07008712EB /* ViewController.swift */; };
		AD6922E51FB6BB07008712EB /* Main.storyboard in Resources */ = {isa = PBXBuildFile; fileRef = AD6922E31FB6BB07008712EB /* Main.storyboard */; };
		AD6922E81FB6BB08008712EB /* SimpleBLECentral.xcdatamodeld in Sources */ = {isa = PBXBuildFile; fileRef = AD6922E61FB6BB08008712EB /* SimpleBLECentral.xcdatamodeld */; };
		AD6922EA1FB6BB08008712EB /* Assets.xcassets in Resources */ = {isa = PBXBuildFile; fileRef = AD6922E91FB6BB08008712EB /* Assets.xcassets */; };
		AD6922ED1FB6BB08008712EB /* LaunchScreen.storyboard in Resources */ = {isa = PBXBuildFile; fileRef = AD6922EB1FB6BB08008712EB /* LaunchScreen.storyboard */; };
		AD6922F81FB6BB08008712EB /* SimpleBLECentralTests.swift in Sources */ = {isa = PBXBuildFile; fileRef = AD6922F71FB6BB08008712EB /* SimpleBLECentralTests.swift */; };
		AD6923031FB6BB08008712EB /* SimpleBLECentralUITests.swift in Sources */ = {isa = PBXBuildFile; fileRef = AD6923021FB6BB08008712EB /* SimpleBLECentralUITests.swift */; };
		AD69231C1FB6BF28008712EB /* BlueCapKit.framework in Frameworks */ = {isa = PBXBuildFile; fileRef = AD69231B1FB6BE9C008712EB /* BlueCapKit.framework */; };
		AD69231D1FB6BF28008712EB /* BlueCapKit.framework in Embed Frameworks */ = {isa = PBXBuildFile; fileRef = AD69231B1FB6BE9C008712EB /* BlueCapKit.framework */; settings = {ATTRIBUTES = (CodeSignOnCopy, RemoveHeadersOnCopy, ); }; };
		AD6923261FB6BFE4008712EB /* CoreBluetooth.framework in Frameworks */ = {isa = PBXBuildFile; fileRef = AD6923241FB6BFA1008712EB /* CoreBluetooth.framework */; };
		AD6923271FB6BFEB008712EB /* CoreLocation.framework in Frameworks */ = {isa = PBXBuildFile; fileRef = AD6923251FB6BFA1008712EB /* CoreLocation.framework */; };
/* End PBXBuildFile section */

/* Begin PBXContainerItemProxy section */
		AD6922F41FB6BB08008712EB /* PBXContainerItemProxy */ = {
			isa = PBXContainerItemProxy;
			containerPortal = AD6922D41FB6BB07008712EB /* Project object */;
			proxyType = 1;
			remoteGlobalIDString = AD6922DB1FB6BB07008712EB;
			remoteInfo = SimpleBLECentral;
		};
		AD6922FF1FB6BB08008712EB /* PBXContainerItemProxy */ = {
			isa = PBXContainerItemProxy;
			containerPortal = AD6922D41FB6BB07008712EB /* Project object */;
			proxyType = 1;
			remoteGlobalIDString = AD6922DB1FB6BB07008712EB;
			remoteInfo = SimpleBLECentral;
		};
		AD6923141FB6BE9A008712EB /* PBXContainerItemProxy */ = {
			isa = PBXContainerItemProxy;
			containerPortal = AD6923101FB6BE99008712EB /* BlueCapKit.xcodeproj */;
			proxyType = 2;
			remoteGlobalIDString = 0551208219F5506000ED3B74;
			remoteInfo = BlueCapKit;
		};
		AD69231A1FB6BE9C008712EB /* PBXContainerItemProxy */ = {
			isa = PBXContainerItemProxy;
			containerPortal = AD6923161FB6BE9C008712EB /* BlueCapKit.xcodeproj */;
			proxyType = 2;
			remoteGlobalIDString = 0551208219F5506000ED3B74;
			remoteInfo = BlueCapKit;
		};
		AD69231E1FB6BF28008712EB /* PBXContainerItemProxy */ = {
			isa = PBXContainerItemProxy;
			containerPortal = AD6923161FB6BE9C008712EB /* BlueCapKit.xcodeproj */;
			proxyType = 1;
			remoteGlobalIDString = 0551208119F5506000ED3B74;
			remoteInfo = BlueCapKit;
		};
/* End PBXContainerItemProxy section */

/* Begin PBXCopyFilesBuildPhase section */
		AD6923201FB6BF28008712EB /* Embed Frameworks */ = {
			isa = PBXCopyFilesBuildPhase;
			buildActionMask = 2147483647;
			dstPath = "";
			dstSubfolderSpec = 10;
			files = (
				AD69231D1FB6BF28008712EB /* BlueCapKit.framework in Embed Frameworks */,
			);
			name = "Embed Frameworks";
			runOnlyForDeploymentPostprocessing = 0;
		};
/* End PBXCopyFilesBuildPhase section */

/* Begin PBXFileReference section */
		AD6922DC1FB6BB07008712EB /* SimpleBLECentral.app */ = {isa = PBXFileReference; explicitFileType = wrapper.application; includeInIndex = 0; path = SimpleBLECentral.app; sourceTree = BUILT_PRODUCTS_DIR; };
		AD6922DF1FB6BB07008712EB /* AppDelegate.swift */ = {isa = PBXFileReference; lastKnownFileType = sourcecode.swift; path = AppDelegate.swift; sourceTree = "<group>"; };
		AD6922E11FB6BB07008712EB /* ViewController.swift */ = {isa = PBXFileReference; lastKnownFileType = sourcecode.swift; path = ViewController.swift; sourceTree = "<group>"; };
		AD6922E41FB6BB07008712EB /* Base */ = {isa = PBXFileReference; lastKnownFileType = file.storyboard; name = Base; path = Base.lproj/Main.storyboard; sourceTree = "<group>"; };
		AD6922E71FB6BB08008712EB /* SimpleBLECentral.xcdatamodel */ = {isa = PBXFileReference; lastKnownFileType = wrapper.xcdatamodel; path = SimpleBLECentral.xcdatamodel; sourceTree = "<group>"; };
		AD6922E91FB6BB08008712EB /* Assets.xcassets */ = {isa = PBXFileReference; lastKnownFileType = folder.assetcatalog; path = Assets.xcassets; sourceTree = "<group>"; };
		AD6922EC1FB6BB08008712EB /* Base */ = {isa = PBXFileReference; lastKnownFileType = file.storyboard; name = Base; path = Base.lproj/LaunchScreen.storyboard; sourceTree = "<group>"; };
		AD6922EE1FB6BB08008712EB /* Info.plist */ = {isa = PBXFileReference; lastKnownFileType = text.plist.xml; path = Info.plist; sourceTree = "<group>"; };
		AD6922F31FB6BB08008712EB /* SimpleBLECentralTests.xctest */ = {isa = PBXFileReference; explicitFileType = wrapper.cfbundle; includeInIndex = 0; path = SimpleBLECentralTests.xctest; sourceTree = BUILT_PRODUCTS_DIR; };
		AD6922F71FB6BB08008712EB /* SimpleBLECentralTests.swift */ = {isa = PBXFileReference; lastKnownFileType = sourcecode.swift; path = SimpleBLECentralTests.swift; sourceTree = "<group>"; };
		AD6922F91FB6BB08008712EB /* Info.plist */ = {isa = PBXFileReference; lastKnownFileType = text.plist.xml; path = Info.plist; sourceTree = "<group>"; };
		AD6922FE1FB6BB08008712EB /* SimpleBLECentralUITests.xctest */ = {isa = PBXFileReference; explicitFileType = wrapper.cfbundle; includeInIndex = 0; path = SimpleBLECentralUITests.xctest; sourceTree = BUILT_PRODUCTS_DIR; };
		AD6923021FB6BB08008712EB /* SimpleBLECentralUITests.swift */ = {isa = PBXFileReference; lastKnownFileType = sourcecode.swift; path = SimpleBLECentralUITests.swift; sourceTree = "<group>"; };
		AD6923041FB6BB08008712EB /* Info.plist */ = {isa = PBXFileReference; lastKnownFileType = text.plist.xml; path = Info.plist; sourceTree = "<group>"; };
		AD6923101FB6BE99008712EB /* BlueCapKit.xcodeproj */ = {isa = PBXFileReference; lastKnownFileType = "wrapper.pb-project"; name = BlueCapKit.xcodeproj; path = BlueCap/BlueCapKit.xcodeproj; sourceTree = SOURCE_ROOT; };
		AD6923161FB6BE9C008712EB /* BlueCapKit.xcodeproj */ = {isa = PBXFileReference; lastKnownFileType = "wrapper.pb-project"; path = BlueCapKit.xcodeproj; sourceTree = "<group>"; };
		AD6923241FB6BFA1008712EB /* CoreBluetooth.framework */ = {isa = PBXFileReference; lastKnownFileType = wrapper.framework; name = CoreBluetooth.framework; path = System/Library/Frameworks/CoreBluetooth.framework; sourceTree = SDKROOT; };
		AD6923251FB6BFA1008712EB /* CoreLocation.framework */ = {isa = PBXFileReference; lastKnownFileType = wrapper.framework; name = CoreLocation.framework; path = System/Library/Frameworks/CoreLocation.framework; sourceTree = SDKROOT; };
/* End PBXFileReference section */

/* Begin PBXFrameworksBuildPhase section */
		AD6922D91FB6BB07008712EB /* Frameworks */ = {
			isa = PBXFrameworksBuildPhase;
			buildActionMask = 2147483647;
			files = (
				AD6923271FB6BFEB008712EB /* CoreLocation.framework in Frameworks */,
				AD6923261FB6BFE4008712EB /* CoreBluetooth.framework in Frameworks */,
				AD69231C1FB6BF28008712EB /* BlueCapKit.framework in Frameworks */,
			);
			runOnlyForDeploymentPostprocessing = 0;
		};
		AD6922F01FB6BB08008712EB /* Frameworks */ = {
			isa = PBXFrameworksBuildPhase;
			buildActionMask = 2147483647;
			files = (
			);
			runOnlyForDeploymentPostprocessing = 0;
		};
		AD6922FB1FB6BB08008712EB /* Frameworks */ = {
			isa = PBXFrameworksBuildPhase;
			buildActionMask = 2147483647;
			files = (
			);
			runOnlyForDeploymentPostprocessing = 0;
		};
/* End PBXFrameworksBuildPhase section */

/* Begin PBXGroup section */
		AD6922D31FB6BB07008712EB = {
			isa = PBXGroup;
			children = (
				AD6923161FB6BE9C008712EB /* BlueCapKit.xcodeproj */,
				AD6922DE1FB6BB07008712EB /* SimpleBLECentral */,
				AD6922F61FB6BB08008712EB /* SimpleBLECentralTests */,
				AD6923011FB6BB08008712EB /* SimpleBLECentralUITests */,
				AD6922DD1FB6BB07008712EB /* Products */,
				AD6923231FB6BFA1008712EB /* Frameworks */,
			);
			sourceTree = "<group>";
		};
		AD6922DD1FB6BB07008712EB /* Products */ = {
			isa = PBXGroup;
			children = (
				AD6922DC1FB6BB07008712EB /* SimpleBLECentral.app */,
				AD6922F31FB6BB08008712EB /* SimpleBLECentralTests.xctest */,
				AD6922FE1FB6BB08008712EB /* SimpleBLECentralUITests.xctest */,
			);
			name = Products;
			sourceTree = "<group>";
		};
		AD6922DE1FB6BB07008712EB /* SimpleBLECentral */ = {
			isa = PBXGroup;
			children = (
				AD6923101FB6BE99008712EB /* BlueCapKit.xcodeproj */,
				AD6922DF1FB6BB07008712EB /* AppDelegate.swift */,
				AD6922E11FB6BB07008712EB /* ViewController.swift */,
				AD6922E31FB6BB07008712EB /* Main.storyboard */,
				AD6922E91FB6BB08008712EB /* Assets.xcassets */,
				AD6922EB1FB6BB08008712EB /* LaunchScreen.storyboard */,
				AD6922EE1FB6BB08008712EB /* Info.plist */,
				AD6922E61FB6BB08008712EB /* SimpleBLECentral.xcdatamodeld */,
			);
			path = SimpleBLECentral;
			sourceTree = "<group>";
		};
		AD6922F61FB6BB08008712EB /* SimpleBLECentralTests */ = {
			isa = PBXGroup;
			children = (
				AD6922F71FB6BB08008712EB /* SimpleBLECentralTests.swift */,
				AD6922F91FB6BB08008712EB /* Info.plist */,
			);
			path = SimpleBLECentralTests;
			sourceTree = "<group>";
		};
		AD6923011FB6BB08008712EB /* SimpleBLECentralUITests */ = {
			isa = PBXGroup;
			children = (
				AD6923021FB6BB08008712EB /* SimpleBLECentralUITests.swift */,
				AD6923041FB6BB08008712EB /* Info.plist */,
			);
			path = SimpleBLECentralUITests;
			sourceTree = "<group>";
		};
		AD6923111FB6BE99008712EB /* Products */ = {
			isa = PBXGroup;
			children = (
				AD6923151FB6BE9A008712EB /* BlueCapKit.framework */,
			);
			name = Products;
			sourceTree = "<group>";
		};
		AD6923171FB6BE9C008712EB /* Products */ = {
			isa = PBXGroup;
			children = (
				AD69231B1FB6BE9C008712EB /* BlueCapKit.framework */,
			);
			name = Products;
			sourceTree = "<group>";
		};
		AD6923231FB6BFA1008712EB /* Frameworks */ = {
			isa = PBXGroup;
			children = (
				AD6923241FB6BFA1008712EB /* CoreBluetooth.framework */,
				AD6923251FB6BFA1008712EB /* CoreLocation.framework */,
			);
			name = Frameworks;
			sourceTree = "<group>";
		};
/* End PBXGroup section */

/* Begin PBXNativeTarget section */
		AD6922DB1FB6BB07008712EB /* SimpleBLECentral */ = {
			isa = PBXNativeTarget;
			buildConfigurationList = AD6923071FB6BB08008712EB /* Build configuration list for PBXNativeTarget "SimpleBLECentral" */;
			buildPhases = (
				AD6922D81FB6BB07008712EB /* Sources */,
				AD6922D91FB6BB07008712EB /* Frameworks */,
				AD6922DA1FB6BB07008712EB /* Resources */,
				AD6923201FB6BF28008712EB /* Embed Frameworks */,
			);
			buildRules = (
			);
			dependencies = (
				AD69231F1FB6BF28008712EB /* PBXTargetDependency */,
			);
			name = SimpleBLECentral;
			productName = SimpleBLECentral;
			productReference = AD6922DC1FB6BB07008712EB /* SimpleBLECentral.app */;
			productType = "com.apple.product-type.application";
		};
		AD6922F21FB6BB08008712EB /* SimpleBLECentralTests */ = {
			isa = PBXNativeTarget;
			buildConfigurationList = AD69230A1FB6BB08008712EB /* Build configuration list for PBXNativeTarget "SimpleBLECentralTests" */;
			buildPhases = (
				AD6922EF1FB6BB08008712EB /* Sources */,
				AD6922F01FB6BB08008712EB /* Frameworks */,
				AD6922F11FB6BB08008712EB /* Resources */,
			);
			buildRules = (
			);
			dependencies = (
				AD6922F51FB6BB08008712EB /* PBXTargetDependency */,
			);
			name = SimpleBLECentralTests;
			productName = SimpleBLECentralTests;
			productReference = AD6922F31FB6BB08008712EB /* SimpleBLECentralTests.xctest */;
			productType = "com.apple.product-type.bundle.unit-test";
		};
		AD6922FD1FB6BB08008712EB /* SimpleBLECentralUITests */ = {
			isa = PBXNativeTarget;
			buildConfigurationList = AD69230D1FB6BB08008712EB /* Build configuration list for PBXNativeTarget "SimpleBLECentralUITests" */;
			buildPhases = (
				AD6922FA1FB6BB08008712EB /* Sources */,
				AD6922FB1FB6BB08008712EB /* Frameworks */,
				AD6922FC1FB6BB08008712EB /* Resources */,
			);
			buildRules = (
			);
			dependencies = (
				AD6923001FB6BB08008712EB /* PBXTargetDependency */,
			);
			name = SimpleBLECentralUITests;
			productName = SimpleBLECentralUITests;
			productReference = AD6922FE1FB6BB08008712EB /* SimpleBLECentralUITests.xctest */;
			productType = "com.apple.product-type.bundle.ui-testing";
		};
/* End PBXNativeTarget section */

/* Begin PBXProject section */
		AD6922D41FB6BB07008712EB /* Project object */ = {
			isa = PBXProject;
			attributes = {
				LastSwiftUpdateCheck = 0910;
				LastUpgradeCheck = 0910;
				ORGANIZATIONNAME = "Nanditha S Murthy";
				TargetAttributes = {
					AD6922DB1FB6BB07008712EB = {
						CreatedOnToolsVersion = 9.1;
						ProvisioningStyle = Automatic;
					};
					AD6922F21FB6BB08008712EB = {
						CreatedOnToolsVersion = 9.1;
						ProvisioningStyle = Automatic;
						TestTargetID = AD6922DB1FB6BB07008712EB;
					};
					AD6922FD1FB6BB08008712EB = {
						CreatedOnToolsVersion = 9.1;
						ProvisioningStyle = Automatic;
						TestTargetID = AD6922DB1FB6BB07008712EB;
					};
				};
			};
			buildConfigurationList = AD6922D71FB6BB07008712EB /* Build configuration list for PBXProject "SimpleBLECentral" */;
			compatibilityVersion = "Xcode 8.0";
			developmentRegion = en;
			hasScannedForEncodings = 0;
			knownRegions = (
				en,
				Base,
			);
			mainGroup = AD6922D31FB6BB07008712EB;
			productRefGroup = AD6922DD1FB6BB07008712EB /* Products */;
			projectDirPath = "";
			projectReferences = (
				{
					ProductGroup = AD6923171FB6BE9C008712EB /* Products */;
					ProjectRef = AD6923161FB6BE9C008712EB /* BlueCapKit.xcodeproj */;
				},
				{
					ProductGroup = AD6923111FB6BE99008712EB /* Products */;
					ProjectRef = AD6923101FB6BE99008712EB /* BlueCapKit.xcodeproj */;
				},
			);
			projectRoot = "";
			targets = (
				AD6922DB1FB6BB07008712EB /* SimpleBLECentral */,
				AD6922F21FB6BB08008712EB /* SimpleBLECentralTests */,
				AD6922FD1FB6BB08008712EB /* SimpleBLECentralUITests */,
			);
		};
/* End PBXProject section */

/* Begin PBXReferenceProxy section */
		AD6923151FB6BE9A008712EB /* BlueCapKit.framework */ = {
			isa = PBXReferenceProxy;
			fileType = wrapper.framework;
			path = BlueCapKit.framework;
			remoteRef = AD6923141FB6BE9A008712EB /* PBXContainerItemProxy */;
			sourceTree = BUILT_PRODUCTS_DIR;
		};
		AD69231B1FB6BE9C008712EB /* BlueCapKit.framework */ = {
			isa = PBXReferenceProxy;
			fileType = wrapper.framework;
			path = BlueCapKit.framework;
			remoteRef = AD69231A1FB6BE9C008712EB /* PBXContainerItemProxy */;
			sourceTree = BUILT_PRODUCTS_DIR;
		};
/* End PBXReferenceProxy section */

/* Begin PBXResourcesBuildPhase section */
		AD6922DA1FB6BB07008712EB /* Resources */ = {
			isa = PBXResourcesBuildPhase;
			buildActionMask = 2147483647;
			files = (
				AD6922ED1FB6BB08008712EB /* LaunchScreen.storyboard in Resources */,
				AD6922EA1FB6BB08008712EB /* Assets.xcassets in Resources */,
				AD6922E51FB6BB07008712EB /* Main.storyboard in Resources */,
			);
			runOnlyForDeploymentPostprocessing = 0;
		};
		AD6922F11FB6BB08008712EB /* Resources */ = {
			isa = PBXResourcesBuildPhase;
			buildActionMask = 2147483647;
			files = (
			);
			runOnlyForDeploymentPostprocessing = 0;
		};
		AD6922FC1FB6BB08008712EB /* Resources */ = {
			isa = PBXResourcesBuildPhase;
			buildActionMask = 2147483647;
			files = (
			);
			runOnlyForDeploymentPostprocessing = 0;
		};
/* End PBXResourcesBuildPhase section */

/* Begin PBXSourcesBuildPhase section */
		AD6922D81FB6BB07008712EB /* Sources */ = {
			isa = PBXSourcesBuildPhase;
			buildActionMask = 2147483647;
			files = (
				AD6922E21FB6BB07008712EB /* ViewController.swift in Sources */,
				AD6922E01FB6BB07008712EB /* AppDelegate.swift in Sources */,
				AD6922E81FB6BB08008712EB /* SimpleBLECentral.xcdatamodeld in Sources */,
			);
			runOnlyForDeploymentPostprocessing = 0;
		};
		AD6922EF1FB6BB08008712EB /* Sources */ = {
			isa = PBXSourcesBuildPhase;
			buildActionMask = 2147483647;
			files = (
				AD6922F81FB6BB08008712EB /* SimpleBLECentralTests.swift in Sources */,
			);
			runOnlyForDeploymentPostprocessing = 0;
		};
		AD6922FA1FB6BB08008712EB /* Sources */ = {
			isa = PBXSourcesBuildPhase;
			buildActionMask = 2147483647;
			files = (
				AD6923031FB6BB08008712EB /* SimpleBLECentralUITests.swift in Sources */,
			);
			runOnlyForDeploymentPostprocessing = 0;
		};
/* End PBXSourcesBuildPhase section */

/* Begin PBXTargetDependency section */
		AD6922F51FB6BB08008712EB /* PBXTargetDependency */ = {
			isa = PBXTargetDependency;
			target = AD6922DB1FB6BB07008712EB /* SimpleBLECentral */;
			targetProxy = AD6922F41FB6BB08008712EB /* PBXContainerItemProxy */;
		};
		AD6923001FB6BB08008712EB /* PBXTargetDependency */ = {
			isa = PBXTargetDependency;
			target = AD6922DB1FB6BB07008712EB /* SimpleBLECentral */;
			targetProxy = AD6922FF1FB6BB08008712EB /* PBXContainerItemProxy */;
		};
		AD69231F1FB6BF28008712EB /* PBXTargetDependency */ = {
			isa = PBXTargetDependency;
			name = BlueCapKit;
			targetProxy = AD69231E1FB6BF28008712EB /* PBXContainerItemProxy */;
		};
/* End PBXTargetDependency section */

/* Begin PBXVariantGroup section */
		AD6922E31FB6BB07008712EB /* Main.storyboard */ = {
			isa = PBXVariantGroup;
			children = (
				AD6922E41FB6BB07008712EB /* Base */,
			);
			name = Main.storyboard;
			sourceTree = "<group>";
		};
		AD6922EB1FB6BB08008712EB /* LaunchScreen.storyboard */ = {
			isa = PBXVariantGroup;
			children = (
				AD6922EC1FB6BB08008712EB /* Base */,
			);
			name = LaunchScreen.storyboard;
			sourceTree = "<group>";
		};
/* End PBXVariantGroup section */

/* Begin XCBuildConfiguration section */
		AD6923051FB6BB08008712EB /* Debug */ = {
			isa = XCBuildConfiguration;
			buildSettings = {
				ALWAYS_SEARCH_USER_PATHS = NO;
				CLANG_ANALYZER_NONNULL = YES;
				CLANG_ANALYZER_NUMBER_OBJECT_CONVERSION = YES_AGGRESSIVE;
				CLANG_CXX_LANGUAGE_STANDARD = "gnu++14";
				CLANG_CXX_LIBRARY = "libc++";
				CLANG_ENABLE_MODULES = YES;
				CLANG_ENABLE_OBJC_ARC = YES;
				CLANG_WARN_BLOCK_CAPTURE_AUTORELEASING = YES;
				CLANG_WARN_BOOL_CONVERSION = YES;
				CLANG_WARN_COMMA = YES;
				CLANG_WARN_CONSTANT_CONVERSION = YES;
				CLANG_WARN_DIRECT_OBJC_ISA_USAGE = YES_ERROR;
				CLANG_WARN_DOCUMENTATION_COMMENTS = YES;
				CLANG_WARN_EMPTY_BODY = YES;
				CLANG_WARN_ENUM_CONVERSION = YES;
				CLANG_WARN_INFINITE_RECURSION = YES;
				CLANG_WARN_INT_CONVERSION = YES;
				CLANG_WARN_NON_LITERAL_NULL_CONVERSION = YES;
				CLANG_WARN_OBJC_LITERAL_CONVERSION = YES;
				CLANG_WARN_OBJC_ROOT_CLASS = YES_ERROR;
				CLANG_WARN_RANGE_LOOP_ANALYSIS = YES;
				CLANG_WARN_STRICT_PROTOTYPES = YES;
				CLANG_WARN_SUSPICIOUS_MOVE = YES;
				CLANG_WARN_UNGUARDED_AVAILABILITY = YES_AGGRESSIVE;
				CLANG_WARN_UNREACHABLE_CODE = YES;
				CLANG_WARN__DUPLICATE_METHOD_MATCH = YES;
				CODE_SIGN_IDENTITY = "iPhone Developer";
				COPY_PHASE_STRIP = NO;
				DEBUG_INFORMATION_FORMAT = dwarf;
				ENABLE_STRICT_OBJC_MSGSEND = YES;
				ENABLE_TESTABILITY = YES;
				GCC_C_LANGUAGE_STANDARD = gnu11;
				GCC_DYNAMIC_NO_PIC = NO;
				GCC_NO_COMMON_BLOCKS = YES;
				GCC_OPTIMIZATION_LEVEL = 0;
				GCC_PREPROCESSOR_DEFINITIONS = (
					"DEBUG=1",
					"$(inherited)",
				);
				GCC_WARN_64_TO_32_BIT_CONVERSION = YES;
				GCC_WARN_ABOUT_RETURN_TYPE = YES_ERROR;
				GCC_WARN_UNDECLARED_SELECTOR = YES;
				GCC_WARN_UNINITIALIZED_AUTOS = YES_AGGRESSIVE;
				GCC_WARN_UNUSED_FUNCTION = YES;
				GCC_WARN_UNUSED_VARIABLE = YES;
				IPHONEOS_DEPLOYMENT_TARGET = 11.1;
				MTL_ENABLE_DEBUG_INFO = YES;
				ONLY_ACTIVE_ARCH = YES;
				SDKROOT = iphoneos;
				SWIFT_ACTIVE_COMPILATION_CONDITIONS = DEBUG;
				SWIFT_OPTIMIZATION_LEVEL = "-Onone";
			};
			name = Debug;
		};
		AD6923061FB6BB08008712EB /* Release */ = {
			isa = XCBuildConfiguration;
			buildSettings = {
				ALWAYS_SEARCH_USER_PATHS = NO;
				CLANG_ANALYZER_NONNULL = YES;
				CLANG_ANALYZER_NUMBER_OBJECT_CONVERSION = YES_AGGRESSIVE;
				CLANG_CXX_LANGUAGE_STANDARD = "gnu++14";
				CLANG_CXX_LIBRARY = "libc++";
				CLANG_ENABLE_MODULES = YES;
				CLANG_ENABLE_OBJC_ARC = YES;
				CLANG_WARN_BLOCK_CAPTURE_AUTORELEASING = YES;
				CLANG_WARN_BOOL_CONVERSION = YES;
				CLANG_WARN_COMMA = YES;
				CLANG_WARN_CONSTANT_CONVERSION = YES;
				CLANG_WARN_DIRECT_OBJC_ISA_USAGE = YES_ERROR;
				CLANG_WARN_DOCUMENTATION_COMMENTS = YES;
				CLANG_WARN_EMPTY_BODY = YES;
				CLANG_WARN_ENUM_CONVERSION = YES;
				CLANG_WARN_INFINITE_RECURSION = YES;
				CLANG_WARN_INT_CONVERSION = YES;
				CLANG_WARN_NON_LITERAL_NULL_CONVERSION = YES;
				CLANG_WARN_OBJC_LITERAL_CONVERSION = YES;
				CLANG_WARN_OBJC_ROOT_CLASS = YES_ERROR;
				CLANG_WARN_RANGE_LOOP_ANALYSIS = YES;
				CLANG_WARN_STRICT_PROTOTYPES = YES;
				CLANG_WARN_SUSPICIOUS_MOVE = YES;
				CLANG_WARN_UNGUARDED_AVAILABILITY = YES_AGGRESSIVE;
				CLANG_WARN_UNREACHABLE_CODE = YES;
				CLANG_WARN__DUPLICATE_METHOD_MATCH = YES;
				CODE_SIGN_IDENTITY = "iPhone Developer";
				COPY_PHASE_STRIP = NO;
				DEBUG_INFORMATION_FORMAT = "dwarf-with-dsym";
				ENABLE_NS_ASSERTIONS = NO;
				ENABLE_STRICT_OBJC_MSGSEND = YES;
				GCC_C_LANGUAGE_STANDARD = gnu11;
				GCC_NO_COMMON_BLOCKS = YES;
				GCC_WARN_64_TO_32_BIT_CONVERSION = YES;
				GCC_WARN_ABOUT_RETURN_TYPE = YES_ERROR;
				GCC_WARN_UNDECLARED_SELECTOR = YES;
				GCC_WARN_UNINITIALIZED_AUTOS = YES_AGGRESSIVE;
				GCC_WARN_UNUSED_FUNCTION = YES;
				GCC_WARN_UNUSED_VARIABLE = YES;
				IPHONEOS_DEPLOYMENT_TARGET = 11.1;
				MTL_ENABLE_DEBUG_INFO = NO;
				SDKROOT = iphoneos;
				SWIFT_OPTIMIZATION_LEVEL = "-Owholemodule";
				VALIDATE_PRODUCT = YES;
			};
			name = Release;
		};
		AD6923081FB6BB08008712EB /* Debug */ = {
			isa = XCBuildConfiguration;
			buildSettings = {
				ALWAYS_EMBED_SWIFT_STANDARD_LIBRARIES = YES;
				ASSETCATALOG_COMPILER_APPICON_NAME = AppIcon;
				CODE_SIGN_STYLE = Automatic;
				DEVELOPMENT_TEAM = RC78TSH6BQ;
				INFOPLIST_FILE = SimpleBLECentral/Info.plist;
				IPHONEOS_DEPLOYMENT_TARGET = 9.0;
				LD_RUNPATH_SEARCH_PATHS = "$(inherited) @executable_path/Frameworks";
				PRODUCT_BUNDLE_IDENTIFIER = com.ble.ios.SimpleBLECentral;
				PRODUCT_NAME = "$(TARGET_NAME)";
				SWIFT_VERSION = 4.0;
				TARGETED_DEVICE_FAMILY = "1,2";
			};
			name = Debug;
		};
		AD6923091FB6BB08008712EB /* Release */ = {
			isa = XCBuildConfiguration;
			buildSettings = {
				ALWAYS_EMBED_SWIFT_STANDARD_LIBRARIES = YES;
				ASSETCATALOG_COMPILER_APPICON_NAME = AppIcon;
				CODE_SIGN_STYLE = Automatic;
				DEVELOPMENT_TEAM = RC78TSH6BQ;
				INFOPLIST_FILE = SimpleBLECentral/Info.plist;
				IPHONEOS_DEPLOYMENT_TARGET = 9.0;
				LD_RUNPATH_SEARCH_PATHS = "$(inherited) @executable_path/Frameworks";
				PRODUCT_BUNDLE_IDENTIFIER = com.ble.ios.SimpleBLECentral;
				PRODUCT_NAME = "$(TARGET_NAME)";
				SWIFT_VERSION = 4.0;
				TARGETED_DEVICE_FAMILY = "1,2";
			};
			name = Release;
		};
		AD69230B1FB6BB08008712EB /* Debug */ = {
			isa = XCBuildConfiguration;
			buildSettings = {
				ALWAYS_EMBED_SWIFT_STANDARD_LIBRARIES = YES;
				BUNDLE_LOADER = "$(TEST_HOST)";
				CODE_SIGN_STYLE = Automatic;
				DEVELOPMENT_TEAM = RC78TSH6BQ;
				INFOPLIST_FILE = SimpleBLECentralTests/Info.plist;
				LD_RUNPATH_SEARCH_PATHS = "$(inherited) @executable_path/Frameworks @loader_path/Frameworks";
				PRODUCT_BUNDLE_IDENTIFIER = com.ble.ios.SimpleBLECentralTests;
				PRODUCT_NAME = "$(TARGET_NAME)";
				SWIFT_VERSION = 4.0;
				TARGETED_DEVICE_FAMILY = "1,2";
				TEST_HOST = "$(BUILT_PRODUCTS_DIR)/SimpleBLECentral.app/SimpleBLECentral";
			};
			name = Debug;
		};
		AD69230C1FB6BB08008712EB /* Release */ = {
			isa = XCBuildConfiguration;
			buildSettings = {
				ALWAYS_EMBED_SWIFT_STANDARD_LIBRARIES = YES;
				BUNDLE_LOADER = "$(TEST_HOST)";
				CODE_SIGN_STYLE = Automatic;
				DEVELOPMENT_TEAM = RC78TSH6BQ;
				INFOPLIST_FILE = SimpleBLECentralTests/Info.plist;
				LD_RUNPATH_SEARCH_PATHS = "$(inherited) @executable_path/Frameworks @loader_path/Frameworks";
				PRODUCT_BUNDLE_IDENTIFIER = com.ble.ios.SimpleBLECentralTests;
				PRODUCT_NAME = "$(TARGET_NAME)";
				SWIFT_VERSION = 4.0;
				TARGETED_DEVICE_FAMILY = "1,2";
				TEST_HOST = "$(BUILT_PRODUCTS_DIR)/SimpleBLECentral.app/SimpleBLECentral";
			};
			name = Release;
		};
		AD69230E1FB6BB08008712EB /* Debug */ = {
			isa = XCBuildConfiguration;
			buildSettings = {
				ALWAYS_EMBED_SWIFT_STANDARD_LIBRARIES = YES;
				CODE_SIGN_STYLE = Automatic;
				DEVELOPMENT_TEAM = RC78TSH6BQ;
				INFOPLIST_FILE = SimpleBLECentralUITests/Info.plist;
				LD_RUNPATH_SEARCH_PATHS = "$(inherited) @executable_path/Frameworks @loader_path/Frameworks";
				PRODUCT_BUNDLE_IDENTIFIER = com.ble.ios.SimpleBLECentralUITests;
				PRODUCT_NAME = "$(TARGET_NAME)";
				SWIFT_VERSION = 4.0;
				TARGETED_DEVICE_FAMILY = "1,2";
				TEST_TARGET_NAME = SimpleBLECentral;
			};
			name = Debug;
		};
		AD69230F1FB6BB08008712EB /* Release */ = {
			isa = XCBuildConfiguration;
			buildSettings = {
				ALWAYS_EMBED_SWIFT_STANDARD_LIBRARIES = YES;
				CODE_SIGN_STYLE = Automatic;
				DEVELOPMENT_TEAM = RC78TSH6BQ;
				INFOPLIST_FILE = SimpleBLECentralUITests/Info.plist;
				LD_RUNPATH_SEARCH_PATHS = "$(inherited) @executable_path/Frameworks @loader_path/Frameworks";
				PRODUCT_BUNDLE_IDENTIFIER = com.ble.ios.SimpleBLECentralUITests;
				PRODUCT_NAME = "$(TARGET_NAME)";
				SWIFT_VERSION = 4.0;
				TARGETED_DEVICE_FAMILY = "1,2";
				TEST_TARGET_NAME = SimpleBLECentral;
			};
			name = Release;
		};
/* End XCBuildConfiguration section */

/* Begin XCConfigurationList section */
		AD6922D71FB6BB07008712EB /* Build configuration list for PBXProject "SimpleBLECentral" */ = {
			isa = XCConfigurationList;
			buildConfigurations = (
				AD6923051FB6BB08008712EB /* Debug */,
				AD6923061FB6BB08008712EB /* Release */,
			);
			defaultConfigurationIsVisible = 0;
			defaultConfigurationName = Release;
		};
		AD6923071FB6BB08008712EB /* Build configuration list for PBXNativeTarget "SimpleBLECentral" */ = {
			isa = XCConfigurationList;
			buildConfigurations = (
				AD6923081FB6BB08008712EB /* Debug */,
				AD6923091FB6BB08008712EB /* Release */,
			);
			defaultConfigurationIsVisible = 0;
			defaultConfigurationName = Release;
		};
		AD69230A1FB6BB08008712EB /* Build configuration list for PBXNativeTarget "SimpleBLECentralTests" */ = {
			isa = XCConfigurationList;
			buildConfigurations = (
				AD69230B1FB6BB08008712EB /* Debug */,
				AD69230C1FB6BB08008712EB /* Release */,
			);
			defaultConfigurationIsVisible = 0;
			defaultConfigurationName = Release;
		};
		AD69230D1FB6BB08008712EB /* Build configuration list for PBXNativeTarget "SimpleBLECentralUITests" */ = {
			isa = XCConfigurationList;
			buildConfigurations = (
				AD69230E1FB6BB08008712EB /* Debug */,
				AD69230F1FB6BB08008712EB /* Release */,
			);
			defaultConfigurationIsVisible = 0;
			defaultConfigurationName = Release;
		};
/* End XCConfigurationList section */

/* Begin XCVersionGroup section */
		AD6922E61FB6BB08008712EB /* SimpleBLECentral.xcdatamodeld */ = {
			isa = XCVersionGroup;
			children = (
				AD6922E71FB6BB08008712EB /* SimpleBLECentral.xcdatamodel */,
			);
			currentVersion = AD6922E71FB6BB08008712EB /* SimpleBLECentral.xcdatamodel */;
			path = SimpleBLECentral.xcdatamodeld;
			sourceTree = "<group>";
			versionGroupType = wrapper.xcdatamodel;
		};
/* End XCVersionGroup section */
	};
	rootObject = AD6922D41FB6BB07008712EB /* Project object */;
}
